# THIS IS AN AUTOGENERATED FILE. DO NOT EDIT THIS FILE DIRECTLY.
# yarn lockfile v1


"@types/node-fetch@^2.3.0":
  version "2.3.0"
  resolved "https://registry.yarnpkg.com/@types/node-fetch/-/node-fetch-2.3.0.tgz#d1da24d56e9f1774a0e50a93cc8ee2a7922f4f0e"
  integrity sha512-8hiAWrp7m9c0+LWLSMrUdPAoTJogvarqUdpQsyV9BlWnxVHTpdopNW0ldB4H8s/G4dg/KJLpqJIMb0GaZDf8/Q==
  dependencies:
    "@types/node" "*"

"@types/node@*":
  version "11.13.0"
  resolved "https://registry.yarnpkg.com/@types/node/-/node-11.13.0.tgz#b0df8d6ef9b5001b2be3a94d909ce3c29a80f9e1"
  integrity sha512-rx29MMkRdVmzunmiA4lzBYJNnXsW/PhG4kMBy2ATsYaDjGGR75dCFEVVROKpNwlVdcUX3xxlghKQOeDPBJobng==

node-fetch@^2.3.0:
  version "2.3.0"
  resolved "https://registry.yarnpkg.com/node-fetch/-/node-fetch-2.3.0.tgz#1a1d940bbfb916a1d3e0219f037e89e71f8c5fa5"
  integrity sha512-MOd8pV3fxENbryESLgVIeaGKrdl+uaYhCSSVkjeOb/31/njTpcis5aWfdqgNlHIrKOLRbMnfPINPOML2CIFeXA==
