{
  "name": "@prayer-times-notifier/core",
  "version": "1.0.0",
  "lockfileVersion": 1,
  "requires": true,
  "dependencies": {
    "prayer-times-notifier": {
      "version": "file:../../..",
      "requires": {
        "cron": "^1.7.0",
        "moment": "^2.24.0",
        "node-fetch": "^2.3.0",
        "prayer-times": "^0.1.0",
        "twelve-to-twentyfour": "^1.0.2"
      },
      "dependencies": {
        "cron": {
          "version": "1.7.0",
          "bundled": true,
          "requires": {
            "moment-timezone": "^0.5.x"
          }
        },
        "moment": {
          "version": "2.24.0",
          "bundled": true
        },
        "moment-timezone": {
          "version": "0.5.25",
          "bundled": true,
          "requires": {
            "moment": ">= 2.9.0"
          }
        },
        "node-fetch": {
          "version": "2.3.0",
          "bundled": true
        },
        "prayer-times": {
          "version": "0.1.0",
          "bundled": true
        },
        "simple-zeropad": {
          "version": "1.0.5",
          "bundled": true
        },
        "trim": {
          "version": "0.0.1",
          "bundled": true
        },
        "twelve-to-twentyfour": {
          "version": "1.0.2",
          "bundled": true,
          "requires": {
            "simple-zeropad": "^1.0.3",
            "trim": "0.0.1"
          }
        }
      }
    }
  }
}
